github.com/rajveermalviya/gamen v0.0.0-20220801100918-94a83215f676 h1:dPK8g6b5IGeJbF6z6AS6gcFPhznoJERpoOvMnD3SQlQ=
github.com/rajveermalviya/gamen v0.0.0-20220801100918-94a83215f676/go.mod h1:EWKU/nBQlikyrSnQY7zREgt4OgcksiYwEyuS063Ru88=
golang.org/x/exp v0.0.0-20220613132600-b0d781184e0d h1:vtUKgx8dahOomfFzLREU8nSv25YHnTgLBn4rDnWZdU0=
golang.org/x/exp v0.0.0-20220613132600-b0d781184e0d/go.mod h1:Kr81I6Kryrl9sr8s2FK3vxD90NdsKWRuOIl2O4CvYbA=
golang.org/x/sys v0.0.0-20220624220833-87e55d714810 h1:rHZQSjJdAI4Xf5Qzeh2bBc5YJIkPFVM6oDtMFYmgws0=
golang.org/x/sys v0.0.0-20220624220833-87e55d714810/go.mod h1:oPkhp1MJrh7nUepCBck5+mAzfO9JrbApNNgaTdGDITg=
